
Microsoft Visual Studio Solution File, Format Version 12.00
# Visual Studio Version 16
VisualStudioVersion = 16.0.30225.117
MinimumVisualStudioVersion = 10.0.40219.1
Project("{FAE04EC0-301F-11D3-BF4B-00C04F79EFBC}") = "Lab1", "Lab1\Lab1.csproj", "{64D3B390-CB67-46F8-AF42-3C2AEF189234}"
EndProject
Global
	GlobalSection(SolutionConfigurationPlatforms) = preSolution
		Debug|Any CPU = Debug|Any CPU
		Release|Any CPU = Release|Any CPU
	EndGlobalSection
	GlobalSection(ProjectConfigurationPlatforms) = postSolution
		{64D3B390-CB67-46F8-AF42-3C2AEF189234}.Debug|Any CPU.ActiveCfg = Debug|Any CPU
		{64D3B390-CB67-46F8-AF42-3C2AEF189234}.Debug|Any CPU.Build.0 = Debug|Any CPU
		{64D3B390-CB67-46F8-AF42-3C2AEF189234}.Release|Any CPU.ActiveCfg = Release|Any CPU
		{64D3B390-CB67-46F8-AF42-3C2AEF189234}.Release|Any CPU.Build.0 = Release|Any CPU
	EndGlobalSection
	GlobalSection(SolutionProperties) = preSolution
		HideSolutionNode = FALSE
	EndGlobalSection
	GlobalSection(ExtensibilityGlobals) = postSolution
		SolutionGuid = {A07EB694-488C-43D9-BEEF-F1F69D38974A}
	EndGlobalSection
EndGlobal
