
Microsoft Visual Studio Solution File, Format Version 12.00
# Visual Studio Version 16
VisualStudioVersion = 16.0.30225.117
MinimumVisualStudioVersion = 10.0.40219.1
Project("{FAE04EC0-301F-11D3-BF4B-00C04F79EFBC}") = "Lab2", "Lab2\Lab2.csproj", "{49C82FBB-BBCC-4333-9CC0-738647FDB19E}"
EndProject
Global
	GlobalSection(SolutionConfigurationPlatforms) = preSolution
		Debug|Any CPU = Debug|Any CPU
		Release|Any CPU = Release|Any CPU
	EndGlobalSection
	GlobalSection(ProjectConfigurationPlatforms) = postSolution
		{49C82FBB-BBCC-4333-9CC0-738647FDB19E}.Debug|Any CPU.ActiveCfg = Debug|Any CPU
		{49C82FBB-BBCC-4333-9CC0-738647FDB19E}.Debug|Any CPU.Build.0 = Debug|Any CPU
		{49C82FBB-BBCC-4333-9CC0-738647FDB19E}.Release|Any CPU.ActiveCfg = Release|Any CPU
		{49C82FBB-BBCC-4333-9CC0-738647FDB19E}.Release|Any CPU.Build.0 = Release|Any CPU
	EndGlobalSection
	GlobalSection(SolutionProperties) = preSolution
		HideSolutionNode = FALSE
	EndGlobalSection
	GlobalSection(ExtensibilityGlobals) = postSolution
		SolutionGuid = {476373F7-8CB6-405D-B506-0E0564F67948}
	EndGlobalSection
EndGlobal
